
Microsoft Visual Studio Solution File, Format Version 12.00
# Visual Studio Version 17
VisualStudioVersion = 17.0.31919.166
MinimumVisualStudioVersion = 10.0.40219.1
Project("{FAE04EC0-301F-11D3-BF4B-00C04F79EFBC}") = "Ch3Q1", "Ch3Q1.csproj", "{4739CD15-9DBD-4ED8-9EA9-A0F56886C6DE}"
EndProject
Global
	GlobalSection(SolutionConfigurationPlatforms) = preSolution
		Debug|Any CPU = Debug|Any CPU
		Release|Any CPU = Release|Any CPU
	EndGlobalSection
	GlobalSection(ProjectConfigurationPlatforms) = postSolution
		{4739CD15-9DBD-4ED8-9EA9-A0F56886C6DE}.Debug|Any CPU.ActiveCfg = Debug|Any CPU
		{4739CD15-9DBD-4ED8-9EA9-A0F56886C6DE}.Debug|Any CPU.Build.0 = Debug|Any CPU
		{4739CD15-9DBD-4ED8-9EA9-A0F56886C6DE}.Release|Any CPU.ActiveCfg = Release|Any CPU
		{4739CD15-9DBD-4ED8-9EA9-A0F56886C6DE}.Release|Any CPU.Build.0 = Release|Any CPU
	EndGlobalSection
	GlobalSection(SolutionProperties) = preSolution
		HideSolutionNode = FALSE
	EndGlobalSection
	GlobalSection(ExtensibilityGlobals) = postSolution
		SolutionGuid = {497C9CC4-D14B-4449-AED7-FF0F84692B20}
	EndGlobalSection
EndGlobal
