
Microsoft Visual Studio Solution File, Format Version 12.00
# Visual Studio Version 17
VisualStudioVersion = 17.0.31919.166
MinimumVisualStudioVersion = 10.0.40219.1
Project("{FAE04EC0-301F-11D3-BF4B-00C04F79EFBC}") = "Ch7Q7", "Ch7Q7\Ch7Q7.csproj", "{90A75870-5CAB-4FF9-9078-43535A2E3D9C}"
EndProject
Global
	GlobalSection(SolutionConfigurationPlatforms) = preSolution
		Debug|Any CPU = Debug|Any CPU
		Release|Any CPU = Release|Any CPU
	EndGlobalSection
	GlobalSection(ProjectConfigurationPlatforms) = postSolution
		{90A75870-5CAB-4FF9-9078-43535A2E3D9C}.Debug|Any CPU.ActiveCfg = Debug|Any CPU
		{90A75870-5CAB-4FF9-9078-43535A2E3D9C}.Debug|Any CPU.Build.0 = Debug|Any CPU
		{90A75870-5CAB-4FF9-9078-43535A2E3D9C}.Release|Any CPU.ActiveCfg = Release|Any CPU
		{90A75870-5CAB-4FF9-9078-43535A2E3D9C}.Release|Any CPU.Build.0 = Release|Any CPU
	EndGlobalSection
	GlobalSection(SolutionProperties) = preSolution
		HideSolutionNode = FALSE
	EndGlobalSection
	GlobalSection(ExtensibilityGlobals) = postSolution
		SolutionGuid = {02F54E17-1F69-4216-A53C-9EE3960E4610}
	EndGlobalSection
EndGlobal
