
Microsoft Visual Studio Solution File, Format Version 12.00
# Visual Studio Version 16
VisualStudioVersion = 16.0.31515.178
MinimumVisualStudioVersion = 10.0.40219.1
Project("{FAE04EC0-301F-11D3-BF4B-00C04F79EFBC}") = "Ch11Q1", "Ch11Q1.csproj", "{C6D0F6D5-F1B9-488D-8875-D2E215A2BE8D}"
EndProject
Global
	GlobalSection(SolutionConfigurationPlatforms) = preSolution
		Debug|Any CPU = Debug|Any CPU
		Release|Any CPU = Release|Any CPU
	EndGlobalSection
	GlobalSection(ProjectConfigurationPlatforms) = postSolution
		{C6D0F6D5-F1B9-488D-8875-D2E215A2BE8D}.Debug|Any CPU.ActiveCfg = Debug|Any CPU
		{C6D0F6D5-F1B9-488D-8875-D2E215A2BE8D}.Debug|Any CPU.Build.0 = Debug|Any CPU
		{C6D0F6D5-F1B9-488D-8875-D2E215A2BE8D}.Release|Any CPU.ActiveCfg = Release|Any CPU
		{C6D0F6D5-F1B9-488D-8875-D2E215A2BE8D}.Release|Any CPU.Build.0 = Release|Any CPU
	EndGlobalSection
	GlobalSection(SolutionProperties) = preSolution
		HideSolutionNode = FALSE
	EndGlobalSection
	GlobalSection(ExtensibilityGlobals) = postSolution
		SolutionGuid = {54EB3FB5-87DD-440A-A4FF-FF35FC29DCEE}
	EndGlobalSection
EndGlobal
