
Microsoft Visual Studio Solution File, Format Version 12.00
# Visual Studio Version 17
VisualStudioVersion = 17.0.31919.166
MinimumVisualStudioVersion = 10.0.40219.1
Project("{FAE04EC0-301F-11D3-BF4B-00C04F79EFBC}") = "Ch8Q10", "Ch8Q10\Ch8Q10.csproj", "{A5EEE3FC-14BF-4942-B4B2-063DC18ECD57}"
EndProject
Global
	GlobalSection(SolutionConfigurationPlatforms) = preSolution
		Debug|Any CPU = Debug|Any CPU
		Release|Any CPU = Release|Any CPU
	EndGlobalSection
	GlobalSection(ProjectConfigurationPlatforms) = postSolution
		{A5EEE3FC-14BF-4942-B4B2-063DC18ECD57}.Debug|Any CPU.ActiveCfg = Debug|Any CPU
		{A5EEE3FC-14BF-4942-B4B2-063DC18ECD57}.Debug|Any CPU.Build.0 = Debug|Any CPU
		{A5EEE3FC-14BF-4942-B4B2-063DC18ECD57}.Release|Any CPU.ActiveCfg = Release|Any CPU
		{A5EEE3FC-14BF-4942-B4B2-063DC18ECD57}.Release|Any CPU.Build.0 = Release|Any CPU
	EndGlobalSection
	GlobalSection(SolutionProperties) = preSolution
		HideSolutionNode = FALSE
	EndGlobalSection
	GlobalSection(ExtensibilityGlobals) = postSolution
		SolutionGuid = {635EF630-6DA0-4863-90CF-D662FB0A9EC2}
	EndGlobalSection
EndGlobal
