
Microsoft Visual Studio Solution File, Format Version 12.00
# Visual Studio Version 17
VisualStudioVersion = 17.0.31919.166
MinimumVisualStudioVersion = 10.0.40219.1
Project("{FAE04EC0-301F-11D3-BF4B-00C04F79EFBC}") = "Ch1Q8", "Ch1Q8.csproj", "{4261C87F-9AA5-4159-94C1-078448767832}"
EndProject
Global
	GlobalSection(SolutionConfigurationPlatforms) = preSolution
		Debug|Any CPU = Debug|Any CPU
		Release|Any CPU = Release|Any CPU
	EndGlobalSection
	GlobalSection(ProjectConfigurationPlatforms) = postSolution
		{4261C87F-9AA5-4159-94C1-078448767832}.Debug|Any CPU.ActiveCfg = Debug|Any CPU
		{4261C87F-9AA5-4159-94C1-078448767832}.Debug|Any CPU.Build.0 = Debug|Any CPU
		{4261C87F-9AA5-4159-94C1-078448767832}.Release|Any CPU.ActiveCfg = Release|Any CPU
		{4261C87F-9AA5-4159-94C1-078448767832}.Release|Any CPU.Build.0 = Release|Any CPU
	EndGlobalSection
	GlobalSection(SolutionProperties) = preSolution
		HideSolutionNode = FALSE
	EndGlobalSection
	GlobalSection(ExtensibilityGlobals) = postSolution
		SolutionGuid = {2097C10E-980F-4166-8BC6-44033AEED8A8}
	EndGlobalSection
EndGlobal
