
Microsoft Visual Studio Solution File, Format Version 12.00
# Visual Studio Version 17
VisualStudioVersion = 17.0.31919.166
MinimumVisualStudioVersion = 10.0.40219.1
Project("{FAE04EC0-301F-11D3-BF4B-00C04F79EFBC}") = "Ch9Q13", "Ch9Q13\Ch9Q13.csproj", "{90FF776B-F788-4897-9583-4392570A248D}"
EndProject
Global
	GlobalSection(SolutionConfigurationPlatforms) = preSolution
		Debug|Any CPU = Debug|Any CPU
		Release|Any CPU = Release|Any CPU
	EndGlobalSection
	GlobalSection(ProjectConfigurationPlatforms) = postSolution
		{90FF776B-F788-4897-9583-4392570A248D}.Debug|Any CPU.ActiveCfg = Debug|Any CPU
		{90FF776B-F788-4897-9583-4392570A248D}.Debug|Any CPU.Build.0 = Debug|Any CPU
		{90FF776B-F788-4897-9583-4392570A248D}.Release|Any CPU.ActiveCfg = Release|Any CPU
		{90FF776B-F788-4897-9583-4392570A248D}.Release|Any CPU.Build.0 = Release|Any CPU
	EndGlobalSection
	GlobalSection(SolutionProperties) = preSolution
		HideSolutionNode = FALSE
	EndGlobalSection
	GlobalSection(ExtensibilityGlobals) = postSolution
		SolutionGuid = {63514883-93C9-44C1-AA9E-ED7F995373CA}
	EndGlobalSection
EndGlobal
