
Microsoft Visual Studio Solution File, Format Version 12.00
# Visual Studio Version 17
VisualStudioVersion = 17.0.31919.166
MinimumVisualStudioVersion = 10.0.40219.1
Project("{FAE04EC0-301F-11D3-BF4B-00C04F79EFBC}") = "Ch4Q1", "Ch4Q1\Ch4Q1.csproj", "{8D5DF091-9AFD-47D2-AC68-9E0C90E28117}"
EndProject
Global
	GlobalSection(SolutionConfigurationPlatforms) = preSolution
		Debug|Any CPU = Debug|Any CPU
		Release|Any CPU = Release|Any CPU
	EndGlobalSection
	GlobalSection(ProjectConfigurationPlatforms) = postSolution
		{8D5DF091-9AFD-47D2-AC68-9E0C90E28117}.Debug|Any CPU.ActiveCfg = Debug|Any CPU
		{8D5DF091-9AFD-47D2-AC68-9E0C90E28117}.Debug|Any CPU.Build.0 = Debug|Any CPU
		{8D5DF091-9AFD-47D2-AC68-9E0C90E28117}.Release|Any CPU.ActiveCfg = Release|Any CPU
		{8D5DF091-9AFD-47D2-AC68-9E0C90E28117}.Release|Any CPU.Build.0 = Release|Any CPU
	EndGlobalSection
	GlobalSection(SolutionProperties) = preSolution
		HideSolutionNode = FALSE
	EndGlobalSection
	GlobalSection(ExtensibilityGlobals) = postSolution
		SolutionGuid = {80CC5C13-5903-40DF-BED0-5C4EC9DFD4A3}
	EndGlobalSection
EndGlobal
