
Microsoft Visual Studio Solution File, Format Version 12.00
# Visual Studio Version 17
VisualStudioVersion = 17.0.31919.166
MinimumVisualStudioVersion = 10.0.40219.1
Project("{FAE04EC0-301F-11D3-BF4B-00C04F79EFBC}") = "Ch1Q7", "Ch1Q7.csproj", "{F7CA3F43-1D39-4560-A4E7-44022F42758C}"
EndProject
Global
	GlobalSection(SolutionConfigurationPlatforms) = preSolution
		Debug|Any CPU = Debug|Any CPU
		Release|Any CPU = Release|Any CPU
	EndGlobalSection
	GlobalSection(ProjectConfigurationPlatforms) = postSolution
		{F7CA3F43-1D39-4560-A4E7-44022F42758C}.Debug|Any CPU.ActiveCfg = Debug|Any CPU
		{F7CA3F43-1D39-4560-A4E7-44022F42758C}.Debug|Any CPU.Build.0 = Debug|Any CPU
		{F7CA3F43-1D39-4560-A4E7-44022F42758C}.Release|Any CPU.ActiveCfg = Release|Any CPU
		{F7CA3F43-1D39-4560-A4E7-44022F42758C}.Release|Any CPU.Build.0 = Release|Any CPU
	EndGlobalSection
	GlobalSection(SolutionProperties) = preSolution
		HideSolutionNode = FALSE
	EndGlobalSection
	GlobalSection(ExtensibilityGlobals) = postSolution
		SolutionGuid = {DC81CAAC-4793-4430-B44C-43101CFE1572}
	EndGlobalSection
EndGlobal
