
Microsoft Visual Studio Solution File, Format Version 12.00
# Visual Studio Version 16
VisualStudioVersion = 16.0.31515.178
MinimumVisualStudioVersion = 10.0.40219.1
Project("{FAE04EC0-301F-11D3-BF4B-00C04F79EFBC}") = "Ch10Q11", "Ch10Q11.csproj", "{05285D8E-6D76-42A7-BDE3-AE20AED28473}"
EndProject
Global
	GlobalSection(SolutionConfigurationPlatforms) = preSolution
		Debug|Any CPU = Debug|Any CPU
		Release|Any CPU = Release|Any CPU
	EndGlobalSection
	GlobalSection(ProjectConfigurationPlatforms) = postSolution
		{05285D8E-6D76-42A7-BDE3-AE20AED28473}.Debug|Any CPU.ActiveCfg = Debug|Any CPU
		{05285D8E-6D76-42A7-BDE3-AE20AED28473}.Debug|Any CPU.Build.0 = Debug|Any CPU
		{05285D8E-6D76-42A7-BDE3-AE20AED28473}.Release|Any CPU.ActiveCfg = Release|Any CPU
		{05285D8E-6D76-42A7-BDE3-AE20AED28473}.Release|Any CPU.Build.0 = Release|Any CPU
	EndGlobalSection
	GlobalSection(SolutionProperties) = preSolution
		HideSolutionNode = FALSE
	EndGlobalSection
	GlobalSection(ExtensibilityGlobals) = postSolution
		SolutionGuid = {D83BEFF9-1B1A-427C-B0CD-349D17A693A8}
	EndGlobalSection
EndGlobal
