
Microsoft Visual Studio Solution File, Format Version 12.00
# Visual Studio Version 17
VisualStudioVersion = 17.0.31919.166
MinimumVisualStudioVersion = 10.0.40219.1
Project("{FAE04EC0-301F-11D3-BF4B-00C04F79EFBC}") = "Ch7Q15", "Ch7Q15\Ch7Q15.csproj", "{A2B593C3-C3B0-492D-ADB0-68E4E80A46FF}"
EndProject
Global
	GlobalSection(SolutionConfigurationPlatforms) = preSolution
		Debug|Any CPU = Debug|Any CPU
		Release|Any CPU = Release|Any CPU
	EndGlobalSection
	GlobalSection(ProjectConfigurationPlatforms) = postSolution
		{A2B593C3-C3B0-492D-ADB0-68E4E80A46FF}.Debug|Any CPU.ActiveCfg = Debug|Any CPU
		{A2B593C3-C3B0-492D-ADB0-68E4E80A46FF}.Debug|Any CPU.Build.0 = Debug|Any CPU
		{A2B593C3-C3B0-492D-ADB0-68E4E80A46FF}.Release|Any CPU.ActiveCfg = Release|Any CPU
		{A2B593C3-C3B0-492D-ADB0-68E4E80A46FF}.Release|Any CPU.Build.0 = Release|Any CPU
	EndGlobalSection
	GlobalSection(SolutionProperties) = preSolution
		HideSolutionNode = FALSE
	EndGlobalSection
	GlobalSection(ExtensibilityGlobals) = postSolution
		SolutionGuid = {EA76F695-9F7B-49D3-9AB9-EDE84FEDC189}
	EndGlobalSection
EndGlobal
