
Microsoft Visual Studio Solution File, Format Version 12.00
# Visual Studio Version 17
VisualStudioVersion = 17.0.31919.166
MinimumVisualStudioVersion = 10.0.40219.1
Project("{FAE04EC0-301F-11D3-BF4B-00C04F79EFBC}") = "Ch4Q6", "Ch4Q6\Ch4Q6.csproj", "{70B0BAFE-3DE8-42AE-8832-363544F075E3}"
EndProject
Global
	GlobalSection(SolutionConfigurationPlatforms) = preSolution
		Debug|Any CPU = Debug|Any CPU
		Release|Any CPU = Release|Any CPU
	EndGlobalSection
	GlobalSection(ProjectConfigurationPlatforms) = postSolution
		{70B0BAFE-3DE8-42AE-8832-363544F075E3}.Debug|Any CPU.ActiveCfg = Debug|Any CPU
		{70B0BAFE-3DE8-42AE-8832-363544F075E3}.Debug|Any CPU.Build.0 = Debug|Any CPU
		{70B0BAFE-3DE8-42AE-8832-363544F075E3}.Release|Any CPU.ActiveCfg = Release|Any CPU
		{70B0BAFE-3DE8-42AE-8832-363544F075E3}.Release|Any CPU.Build.0 = Release|Any CPU
	EndGlobalSection
	GlobalSection(SolutionProperties) = preSolution
		HideSolutionNode = FALSE
	EndGlobalSection
	GlobalSection(ExtensibilityGlobals) = postSolution
		SolutionGuid = {B8A8446F-79D4-4004-AFCA-343C8CCED4F0}
	EndGlobalSection
EndGlobal
