
Microsoft Visual Studio Solution File, Format Version 12.00
# Visual Studio Version 17
VisualStudioVersion = 17.0.31919.166
MinimumVisualStudioVersion = 10.0.40219.1
Project("{FAE04EC0-301F-11D3-BF4B-00C04F79EFBC}") = "Ch1Q9", "Ch1Q9.csproj", "{BCB1265E-BB9B-4C9E-87E8-3F13E9594C61}"
EndProject
Global
	GlobalSection(SolutionConfigurationPlatforms) = preSolution
		Debug|Any CPU = Debug|Any CPU
		Release|Any CPU = Release|Any CPU
	EndGlobalSection
	GlobalSection(ProjectConfigurationPlatforms) = postSolution
		{BCB1265E-BB9B-4C9E-87E8-3F13E9594C61}.Debug|Any CPU.ActiveCfg = Debug|Any CPU
		{BCB1265E-BB9B-4C9E-87E8-3F13E9594C61}.Debug|Any CPU.Build.0 = Debug|Any CPU
		{BCB1265E-BB9B-4C9E-87E8-3F13E9594C61}.Release|Any CPU.ActiveCfg = Release|Any CPU
		{BCB1265E-BB9B-4C9E-87E8-3F13E9594C61}.Release|Any CPU.Build.0 = Release|Any CPU
	EndGlobalSection
	GlobalSection(SolutionProperties) = preSolution
		HideSolutionNode = FALSE
	EndGlobalSection
	GlobalSection(ExtensibilityGlobals) = postSolution
		SolutionGuid = {BC44D1F4-1173-43C6-A9E8-000E91646A09}
	EndGlobalSection
EndGlobal
