
Microsoft Visual Studio Solution File, Format Version 12.00
# Visual Studio Version 17
VisualStudioVersion = 17.0.31919.166
MinimumVisualStudioVersion = 10.0.40219.1
Project("{FAE04EC0-301F-11D3-BF4B-00C04F79EFBC}") = "Ch6Q14", "Ch6Q14\Ch6Q14.csproj", "{3458B16E-0F36-44DB-8A53-33AF6BEF252B}"
EndProject
Global
	GlobalSection(SolutionConfigurationPlatforms) = preSolution
		Debug|Any CPU = Debug|Any CPU
		Release|Any CPU = Release|Any CPU
	EndGlobalSection
	GlobalSection(ProjectConfigurationPlatforms) = postSolution
		{3458B16E-0F36-44DB-8A53-33AF6BEF252B}.Debug|Any CPU.ActiveCfg = Debug|Any CPU
		{3458B16E-0F36-44DB-8A53-33AF6BEF252B}.Debug|Any CPU.Build.0 = Debug|Any CPU
		{3458B16E-0F36-44DB-8A53-33AF6BEF252B}.Release|Any CPU.ActiveCfg = Release|Any CPU
		{3458B16E-0F36-44DB-8A53-33AF6BEF252B}.Release|Any CPU.Build.0 = Release|Any CPU
	EndGlobalSection
	GlobalSection(SolutionProperties) = preSolution
		HideSolutionNode = FALSE
	EndGlobalSection
	GlobalSection(ExtensibilityGlobals) = postSolution
		SolutionGuid = {653D3CC7-E0DF-4431-853E-677DA8B788CA}
	EndGlobalSection
EndGlobal
