
Microsoft Visual Studio Solution File, Format Version 12.00
# Visual Studio Version 17
VisualStudioVersion = 17.0.31919.166
MinimumVisualStudioVersion = 10.0.40219.1
Project("{FAE04EC0-301F-11D3-BF4B-00C04F79EFBC}") = "Ch9Q10", "Ch9Q10\Ch9Q10.csproj", "{41BC0CA5-7AAE-4FBD-8AD3-90B08E473065}"
EndProject
Global
	GlobalSection(SolutionConfigurationPlatforms) = preSolution
		Debug|Any CPU = Debug|Any CPU
		Release|Any CPU = Release|Any CPU
	EndGlobalSection
	GlobalSection(ProjectConfigurationPlatforms) = postSolution
		{41BC0CA5-7AAE-4FBD-8AD3-90B08E473065}.Debug|Any CPU.ActiveCfg = Debug|Any CPU
		{41BC0CA5-7AAE-4FBD-8AD3-90B08E473065}.Debug|Any CPU.Build.0 = Debug|Any CPU
		{41BC0CA5-7AAE-4FBD-8AD3-90B08E473065}.Release|Any CPU.ActiveCfg = Release|Any CPU
		{41BC0CA5-7AAE-4FBD-8AD3-90B08E473065}.Release|Any CPU.Build.0 = Release|Any CPU
	EndGlobalSection
	GlobalSection(SolutionProperties) = preSolution
		HideSolutionNode = FALSE
	EndGlobalSection
	GlobalSection(ExtensibilityGlobals) = postSolution
		SolutionGuid = {409015FA-4F47-4F26-BFF0-FEA656BF0AE5}
	EndGlobalSection
EndGlobal
