
Microsoft Visual Studio Solution File, Format Version 12.00
# Visual Studio Version 17
VisualStudioVersion = 17.0.31919.166
MinimumVisualStudioVersion = 10.0.40219.1
Project("{FAE04EC0-301F-11D3-BF4B-00C04F79EFBC}") = "Ch9Q7", "Ch9Q7\Ch9Q7.csproj", "{98B34230-57E9-4757-BB67-B2BE5723CB05}"
EndProject
Global
	GlobalSection(SolutionConfigurationPlatforms) = preSolution
		Debug|Any CPU = Debug|Any CPU
		Release|Any CPU = Release|Any CPU
	EndGlobalSection
	GlobalSection(ProjectConfigurationPlatforms) = postSolution
		{98B34230-57E9-4757-BB67-B2BE5723CB05}.Debug|Any CPU.ActiveCfg = Debug|Any CPU
		{98B34230-57E9-4757-BB67-B2BE5723CB05}.Debug|Any CPU.Build.0 = Debug|Any CPU
		{98B34230-57E9-4757-BB67-B2BE5723CB05}.Release|Any CPU.ActiveCfg = Release|Any CPU
		{98B34230-57E9-4757-BB67-B2BE5723CB05}.Release|Any CPU.Build.0 = Release|Any CPU
	EndGlobalSection
	GlobalSection(SolutionProperties) = preSolution
		HideSolutionNode = FALSE
	EndGlobalSection
	GlobalSection(ExtensibilityGlobals) = postSolution
		SolutionGuid = {9F159544-45F1-49CC-97F2-AE2C21770388}
	EndGlobalSection
EndGlobal
