
Microsoft Visual Studio Solution File, Format Version 12.00
# Visual Studio Version 17
VisualStudioVersion = 17.0.31919.166
MinimumVisualStudioVersion = 10.0.40219.1
Project("{FAE04EC0-301F-11D3-BF4B-00C04F79EFBC}") = "Ch7Q1", "Ch7Q1\Ch7Q1.csproj", "{7D024444-5120-4282-85F2-0EDE250AEF2B}"
EndProject
Global
	GlobalSection(SolutionConfigurationPlatforms) = preSolution
		Debug|Any CPU = Debug|Any CPU
		Release|Any CPU = Release|Any CPU
	EndGlobalSection
	GlobalSection(ProjectConfigurationPlatforms) = postSolution
		{7D024444-5120-4282-85F2-0EDE250AEF2B}.Debug|Any CPU.ActiveCfg = Debug|Any CPU
		{7D024444-5120-4282-85F2-0EDE250AEF2B}.Debug|Any CPU.Build.0 = Debug|Any CPU
		{7D024444-5120-4282-85F2-0EDE250AEF2B}.Release|Any CPU.ActiveCfg = Release|Any CPU
		{7D024444-5120-4282-85F2-0EDE250AEF2B}.Release|Any CPU.Build.0 = Release|Any CPU
	EndGlobalSection
	GlobalSection(SolutionProperties) = preSolution
		HideSolutionNode = FALSE
	EndGlobalSection
	GlobalSection(ExtensibilityGlobals) = postSolution
		SolutionGuid = {DB3C8D1A-EB57-4828-A1E4-9E43F7E04901}
	EndGlobalSection
EndGlobal
