
Microsoft Visual Studio Solution File, Format Version 12.00
# Visual Studio Version 17
VisualStudioVersion = 17.0.31919.166
MinimumVisualStudioVersion = 10.0.40219.1
Project("{FAE04EC0-301F-11D3-BF4B-00C04F79EFBC}") = "Ch3Q10", "Ch3Q10.csproj", "{5C253D57-F19C-4374-A58C-11E69FE24C5C}"
EndProject
Global
	GlobalSection(SolutionConfigurationPlatforms) = preSolution
		Debug|Any CPU = Debug|Any CPU
		Release|Any CPU = Release|Any CPU
	EndGlobalSection
	GlobalSection(ProjectConfigurationPlatforms) = postSolution
		{5C253D57-F19C-4374-A58C-11E69FE24C5C}.Debug|Any CPU.ActiveCfg = Debug|Any CPU
		{5C253D57-F19C-4374-A58C-11E69FE24C5C}.Debug|Any CPU.Build.0 = Debug|Any CPU
		{5C253D57-F19C-4374-A58C-11E69FE24C5C}.Release|Any CPU.ActiveCfg = Release|Any CPU
		{5C253D57-F19C-4374-A58C-11E69FE24C5C}.Release|Any CPU.Build.0 = Release|Any CPU
	EndGlobalSection
	GlobalSection(SolutionProperties) = preSolution
		HideSolutionNode = FALSE
	EndGlobalSection
	GlobalSection(ExtensibilityGlobals) = postSolution
		SolutionGuid = {2372DE2F-8A49-48BE-BE5A-38DCC849CD17}
	EndGlobalSection
EndGlobal
