
Microsoft Visual Studio Solution File, Format Version 12.00
# Visual Studio Version 17
VisualStudioVersion = 17.0.31919.166
MinimumVisualStudioVersion = 10.0.40219.1
Project("{FAE04EC0-301F-11D3-BF4B-00C04F79EFBC}") = "Ch8Q11", "Ch8Q11\Ch8Q11.csproj", "{8878FD83-6E4B-4CFA-8BD0-E6FBAA1B9CC5}"
EndProject
Global
	GlobalSection(SolutionConfigurationPlatforms) = preSolution
		Debug|Any CPU = Debug|Any CPU
		Release|Any CPU = Release|Any CPU
	EndGlobalSection
	GlobalSection(ProjectConfigurationPlatforms) = postSolution
		{8878FD83-6E4B-4CFA-8BD0-E6FBAA1B9CC5}.Debug|Any CPU.ActiveCfg = Debug|Any CPU
		{8878FD83-6E4B-4CFA-8BD0-E6FBAA1B9CC5}.Debug|Any CPU.Build.0 = Debug|Any CPU
		{8878FD83-6E4B-4CFA-8BD0-E6FBAA1B9CC5}.Release|Any CPU.ActiveCfg = Release|Any CPU
		{8878FD83-6E4B-4CFA-8BD0-E6FBAA1B9CC5}.Release|Any CPU.Build.0 = Release|Any CPU
	EndGlobalSection
	GlobalSection(SolutionProperties) = preSolution
		HideSolutionNode = FALSE
	EndGlobalSection
	GlobalSection(ExtensibilityGlobals) = postSolution
		SolutionGuid = {2640D29B-7C8D-4153-8476-7383EDC75324}
	EndGlobalSection
EndGlobal
