
Microsoft Visual Studio Solution File, Format Version 12.00
# Visual Studio Version 17
VisualStudioVersion = 17.0.31919.166
MinimumVisualStudioVersion = 10.0.40219.1
Project("{FAE04EC0-301F-11D3-BF4B-00C04F79EFBC}") = "Ch9Q11", "Ch9Q11\Ch9Q11.csproj", "{57E106C1-8184-4A74-B2FC-E9680B52F82B}"
EndProject
Global
	GlobalSection(SolutionConfigurationPlatforms) = preSolution
		Debug|Any CPU = Debug|Any CPU
		Release|Any CPU = Release|Any CPU
	EndGlobalSection
	GlobalSection(ProjectConfigurationPlatforms) = postSolution
		{57E106C1-8184-4A74-B2FC-E9680B52F82B}.Debug|Any CPU.ActiveCfg = Debug|Any CPU
		{57E106C1-8184-4A74-B2FC-E9680B52F82B}.Debug|Any CPU.Build.0 = Debug|Any CPU
		{57E106C1-8184-4A74-B2FC-E9680B52F82B}.Release|Any CPU.ActiveCfg = Release|Any CPU
		{57E106C1-8184-4A74-B2FC-E9680B52F82B}.Release|Any CPU.Build.0 = Release|Any CPU
	EndGlobalSection
	GlobalSection(SolutionProperties) = preSolution
		HideSolutionNode = FALSE
	EndGlobalSection
	GlobalSection(ExtensibilityGlobals) = postSolution
		SolutionGuid = {80A7CBB5-B1D1-4BE8-BF02-0F53A5D97724}
	EndGlobalSection
EndGlobal
