
Microsoft Visual Studio Solution File, Format Version 12.00
# Visual Studio Version 16
VisualStudioVersion = 16.0.31515.178
MinimumVisualStudioVersion = 10.0.40219.1
Project("{FAE04EC0-301F-11D3-BF4B-00C04F79EFBC}") = "Ch11Q7", "Ch11Q7.csproj", "{B6E1D1B0-DB4D-4CB0-A2C3-ED4190E52EAD}"
EndProject
Global
	GlobalSection(SolutionConfigurationPlatforms) = preSolution
		Debug|Any CPU = Debug|Any CPU
		Release|Any CPU = Release|Any CPU
	EndGlobalSection
	GlobalSection(ProjectConfigurationPlatforms) = postSolution
		{B6E1D1B0-DB4D-4CB0-A2C3-ED4190E52EAD}.Debug|Any CPU.ActiveCfg = Debug|Any CPU
		{B6E1D1B0-DB4D-4CB0-A2C3-ED4190E52EAD}.Debug|Any CPU.Build.0 = Debug|Any CPU
		{B6E1D1B0-DB4D-4CB0-A2C3-ED4190E52EAD}.Release|Any CPU.ActiveCfg = Release|Any CPU
		{B6E1D1B0-DB4D-4CB0-A2C3-ED4190E52EAD}.Release|Any CPU.Build.0 = Release|Any CPU
	EndGlobalSection
	GlobalSection(SolutionProperties) = preSolution
		HideSolutionNode = FALSE
	EndGlobalSection
	GlobalSection(ExtensibilityGlobals) = postSolution
		SolutionGuid = {05984648-48E9-4A9A-B547-F5E2E0EBEB58}
	EndGlobalSection
EndGlobal
