
Microsoft Visual Studio Solution File, Format Version 12.00
# Visual Studio Version 16
VisualStudioVersion = 16.0.31515.178
MinimumVisualStudioVersion = 10.0.40219.1
Project("{FAE04EC0-301F-11D3-BF4B-00C04F79EFBC}") = "Ch11Q9", "Ch11Q9.csproj", "{C73FA9F7-2AE3-4421-B718-AE8305C92AF2}"
EndProject
Global
	GlobalSection(SolutionConfigurationPlatforms) = preSolution
		Debug|Any CPU = Debug|Any CPU
		Release|Any CPU = Release|Any CPU
	EndGlobalSection
	GlobalSection(ProjectConfigurationPlatforms) = postSolution
		{C73FA9F7-2AE3-4421-B718-AE8305C92AF2}.Debug|Any CPU.ActiveCfg = Debug|Any CPU
		{C73FA9F7-2AE3-4421-B718-AE8305C92AF2}.Debug|Any CPU.Build.0 = Debug|Any CPU
		{C73FA9F7-2AE3-4421-B718-AE8305C92AF2}.Release|Any CPU.ActiveCfg = Release|Any CPU
		{C73FA9F7-2AE3-4421-B718-AE8305C92AF2}.Release|Any CPU.Build.0 = Release|Any CPU
	EndGlobalSection
	GlobalSection(SolutionProperties) = preSolution
		HideSolutionNode = FALSE
	EndGlobalSection
	GlobalSection(ExtensibilityGlobals) = postSolution
		SolutionGuid = {08C119FE-8D38-4BA2-9755-70C2F1531675}
	EndGlobalSection
EndGlobal
