
Microsoft Visual Studio Solution File, Format Version 12.00
# Visual Studio Version 17
VisualStudioVersion = 17.0.31919.166
MinimumVisualStudioVersion = 10.0.40219.1
Project("{FAE04EC0-301F-11D3-BF4B-00C04F79EFBC}") = "Ch9Q8", "Ch9Q8\Ch9Q8.csproj", "{781AFE07-4A40-4426-9870-663C383AAD38}"
EndProject
Global
	GlobalSection(SolutionConfigurationPlatforms) = preSolution
		Debug|Any CPU = Debug|Any CPU
		Release|Any CPU = Release|Any CPU
	EndGlobalSection
	GlobalSection(ProjectConfigurationPlatforms) = postSolution
		{781AFE07-4A40-4426-9870-663C383AAD38}.Debug|Any CPU.ActiveCfg = Debug|Any CPU
		{781AFE07-4A40-4426-9870-663C383AAD38}.Debug|Any CPU.Build.0 = Debug|Any CPU
		{781AFE07-4A40-4426-9870-663C383AAD38}.Release|Any CPU.ActiveCfg = Release|Any CPU
		{781AFE07-4A40-4426-9870-663C383AAD38}.Release|Any CPU.Build.0 = Release|Any CPU
	EndGlobalSection
	GlobalSection(SolutionProperties) = preSolution
		HideSolutionNode = FALSE
	EndGlobalSection
	GlobalSection(ExtensibilityGlobals) = postSolution
		SolutionGuid = {4F27B2AD-38D2-4DB8-946D-0AEA5FF8F3ED}
	EndGlobalSection
EndGlobal
