
Microsoft Visual Studio Solution File, Format Version 12.00
# Visual Studio Version 17
VisualStudioVersion = 17.0.31919.166
MinimumVisualStudioVersion = 10.0.40219.1
Project("{FAE04EC0-301F-11D3-BF4B-00C04F79EFBC}") = "Ch4Q7", "Ch4Q7\Ch4Q7.csproj", "{BFD87A14-5E03-4FA2-ABF7-54512896542F}"
EndProject
Global
	GlobalSection(SolutionConfigurationPlatforms) = preSolution
		Debug|Any CPU = Debug|Any CPU
		Release|Any CPU = Release|Any CPU
	EndGlobalSection
	GlobalSection(ProjectConfigurationPlatforms) = postSolution
		{BFD87A14-5E03-4FA2-ABF7-54512896542F}.Debug|Any CPU.ActiveCfg = Debug|Any CPU
		{BFD87A14-5E03-4FA2-ABF7-54512896542F}.Debug|Any CPU.Build.0 = Debug|Any CPU
		{BFD87A14-5E03-4FA2-ABF7-54512896542F}.Release|Any CPU.ActiveCfg = Release|Any CPU
		{BFD87A14-5E03-4FA2-ABF7-54512896542F}.Release|Any CPU.Build.0 = Release|Any CPU
	EndGlobalSection
	GlobalSection(SolutionProperties) = preSolution
		HideSolutionNode = FALSE
	EndGlobalSection
	GlobalSection(ExtensibilityGlobals) = postSolution
		SolutionGuid = {551D4760-04C6-4E66-9EE1-C079B0F0BA1B}
	EndGlobalSection
EndGlobal
