
Microsoft Visual Studio Solution File, Format Version 12.00
# Visual Studio Version 17
VisualStudioVersion = 17.0.31919.166
MinimumVisualStudioVersion = 10.0.40219.1
Project("{FAE04EC0-301F-11D3-BF4B-00C04F79EFBC}") = "Ch6Q4", "Ch6Q4\Ch6Q4.csproj", "{ED1BB74F-5131-473E-B0C1-F9BA1BC707BC}"
EndProject
Global
	GlobalSection(SolutionConfigurationPlatforms) = preSolution
		Debug|Any CPU = Debug|Any CPU
		Release|Any CPU = Release|Any CPU
	EndGlobalSection
	GlobalSection(ProjectConfigurationPlatforms) = postSolution
		{ED1BB74F-5131-473E-B0C1-F9BA1BC707BC}.Debug|Any CPU.ActiveCfg = Debug|Any CPU
		{ED1BB74F-5131-473E-B0C1-F9BA1BC707BC}.Debug|Any CPU.Build.0 = Debug|Any CPU
		{ED1BB74F-5131-473E-B0C1-F9BA1BC707BC}.Release|Any CPU.ActiveCfg = Release|Any CPU
		{ED1BB74F-5131-473E-B0C1-F9BA1BC707BC}.Release|Any CPU.Build.0 = Release|Any CPU
	EndGlobalSection
	GlobalSection(SolutionProperties) = preSolution
		HideSolutionNode = FALSE
	EndGlobalSection
	GlobalSection(ExtensibilityGlobals) = postSolution
		SolutionGuid = {4495620B-2969-40F8-A2FF-E33B9A9293DC}
	EndGlobalSection
EndGlobal
