
Microsoft Visual Studio Solution File, Format Version 12.00
# Visual Studio Version 17
VisualStudioVersion = 17.0.31919.166
MinimumVisualStudioVersion = 10.0.40219.1
Project("{FAE04EC0-301F-11D3-BF4B-00C04F79EFBC}") = "Ch2Q1", "Ch2Q1.csproj", "{59EB1DE4-1C51-4E32-B03A-5E1981ED7A27}"
EndProject
Global
	GlobalSection(SolutionConfigurationPlatforms) = preSolution
		Debug|Any CPU = Debug|Any CPU
		Release|Any CPU = Release|Any CPU
	EndGlobalSection
	GlobalSection(ProjectConfigurationPlatforms) = postSolution
		{59EB1DE4-1C51-4E32-B03A-5E1981ED7A27}.Debug|Any CPU.ActiveCfg = Debug|Any CPU
		{59EB1DE4-1C51-4E32-B03A-5E1981ED7A27}.Debug|Any CPU.Build.0 = Debug|Any CPU
		{59EB1DE4-1C51-4E32-B03A-5E1981ED7A27}.Release|Any CPU.ActiveCfg = Release|Any CPU
		{59EB1DE4-1C51-4E32-B03A-5E1981ED7A27}.Release|Any CPU.Build.0 = Release|Any CPU
	EndGlobalSection
	GlobalSection(SolutionProperties) = preSolution
		HideSolutionNode = FALSE
	EndGlobalSection
	GlobalSection(ExtensibilityGlobals) = postSolution
		SolutionGuid = {79866E03-83FE-4A4E-B7E7-2A195FF2EA2B}
	EndGlobalSection
EndGlobal
