
Microsoft Visual Studio Solution File, Format Version 12.00
# Visual Studio Version 17
VisualStudioVersion = 17.0.31919.166
MinimumVisualStudioVersion = 10.0.40219.1
Project("{FAE04EC0-301F-11D3-BF4B-00C04F79EFBC}") = "Ch8Q13", "Ch8Q13\Ch8Q13.csproj", "{1CF355A3-071A-4E07-8CC3-A69F0B968963}"
EndProject
Global
	GlobalSection(SolutionConfigurationPlatforms) = preSolution
		Debug|Any CPU = Debug|Any CPU
		Release|Any CPU = Release|Any CPU
	EndGlobalSection
	GlobalSection(ProjectConfigurationPlatforms) = postSolution
		{1CF355A3-071A-4E07-8CC3-A69F0B968963}.Debug|Any CPU.ActiveCfg = Debug|Any CPU
		{1CF355A3-071A-4E07-8CC3-A69F0B968963}.Debug|Any CPU.Build.0 = Debug|Any CPU
		{1CF355A3-071A-4E07-8CC3-A69F0B968963}.Release|Any CPU.ActiveCfg = Release|Any CPU
		{1CF355A3-071A-4E07-8CC3-A69F0B968963}.Release|Any CPU.Build.0 = Release|Any CPU
	EndGlobalSection
	GlobalSection(SolutionProperties) = preSolution
		HideSolutionNode = FALSE
	EndGlobalSection
	GlobalSection(ExtensibilityGlobals) = postSolution
		SolutionGuid = {5D1D300D-7B23-48E4-9BBD-46959B921D4B}
	EndGlobalSection
EndGlobal
