
Microsoft Visual Studio Solution File, Format Version 12.00
# Visual Studio Version 17
VisualStudioVersion = 17.0.31919.166
MinimumVisualStudioVersion = 10.0.40219.1
Project("{FAE04EC0-301F-11D3-BF4B-00C04F79EFBC}") = "Ch8Q3", "Ch8Q3\Ch8Q3.csproj", "{BB499443-D53C-40C0-AEBC-158F7F9FC232}"
EndProject
Global
	GlobalSection(SolutionConfigurationPlatforms) = preSolution
		Debug|Any CPU = Debug|Any CPU
		Release|Any CPU = Release|Any CPU
	EndGlobalSection
	GlobalSection(ProjectConfigurationPlatforms) = postSolution
		{BB499443-D53C-40C0-AEBC-158F7F9FC232}.Debug|Any CPU.ActiveCfg = Debug|Any CPU
		{BB499443-D53C-40C0-AEBC-158F7F9FC232}.Debug|Any CPU.Build.0 = Debug|Any CPU
		{BB499443-D53C-40C0-AEBC-158F7F9FC232}.Release|Any CPU.ActiveCfg = Release|Any CPU
		{BB499443-D53C-40C0-AEBC-158F7F9FC232}.Release|Any CPU.Build.0 = Release|Any CPU
	EndGlobalSection
	GlobalSection(SolutionProperties) = preSolution
		HideSolutionNode = FALSE
	EndGlobalSection
	GlobalSection(ExtensibilityGlobals) = postSolution
		SolutionGuid = {D834F0FF-3C6E-4CC8-AAB7-E4FBE7BA8B7C}
	EndGlobalSection
EndGlobal
