
Microsoft Visual Studio Solution File, Format Version 12.00
# Visual Studio Version 17
VisualStudioVersion = 17.0.31919.166
MinimumVisualStudioVersion = 10.0.40219.1
Project("{FAE04EC0-301F-11D3-BF4B-00C04F79EFBC}") = "Ch5Q1", "Ch5Q1\Ch5Q1.csproj", "{563D000C-553C-48C1-8EC2-4ADB147C9FE6}"
EndProject
Global
	GlobalSection(SolutionConfigurationPlatforms) = preSolution
		Debug|Any CPU = Debug|Any CPU
		Release|Any CPU = Release|Any CPU
	EndGlobalSection
	GlobalSection(ProjectConfigurationPlatforms) = postSolution
		{563D000C-553C-48C1-8EC2-4ADB147C9FE6}.Debug|Any CPU.ActiveCfg = Debug|Any CPU
		{563D000C-553C-48C1-8EC2-4ADB147C9FE6}.Debug|Any CPU.Build.0 = Debug|Any CPU
		{563D000C-553C-48C1-8EC2-4ADB147C9FE6}.Release|Any CPU.ActiveCfg = Release|Any CPU
		{563D000C-553C-48C1-8EC2-4ADB147C9FE6}.Release|Any CPU.Build.0 = Release|Any CPU
	EndGlobalSection
	GlobalSection(SolutionProperties) = preSolution
		HideSolutionNode = FALSE
	EndGlobalSection
	GlobalSection(ExtensibilityGlobals) = postSolution
		SolutionGuid = {6E7D2E53-2D83-4B61-B0C5-4986084ABABD}
	EndGlobalSection
EndGlobal
