
Microsoft Visual Studio Solution File, Format Version 12.00
# Visual Studio Version 17
VisualStudioVersion = 17.0.31919.166
MinimumVisualStudioVersion = 10.0.40219.1
Project("{FAE04EC0-301F-11D3-BF4B-00C04F79EFBC}") = "Ch8Q1", "Ch8Q1\Ch8Q1.csproj", "{1C2E9E25-3BA0-4099-99F0-01C91B86F76D}"
EndProject
Global
	GlobalSection(SolutionConfigurationPlatforms) = preSolution
		Debug|Any CPU = Debug|Any CPU
		Release|Any CPU = Release|Any CPU
	EndGlobalSection
	GlobalSection(ProjectConfigurationPlatforms) = postSolution
		{1C2E9E25-3BA0-4099-99F0-01C91B86F76D}.Debug|Any CPU.ActiveCfg = Debug|Any CPU
		{1C2E9E25-3BA0-4099-99F0-01C91B86F76D}.Debug|Any CPU.Build.0 = Debug|Any CPU
		{1C2E9E25-3BA0-4099-99F0-01C91B86F76D}.Release|Any CPU.ActiveCfg = Release|Any CPU
		{1C2E9E25-3BA0-4099-99F0-01C91B86F76D}.Release|Any CPU.Build.0 = Release|Any CPU
	EndGlobalSection
	GlobalSection(SolutionProperties) = preSolution
		HideSolutionNode = FALSE
	EndGlobalSection
	GlobalSection(ExtensibilityGlobals) = postSolution
		SolutionGuid = {94EF2B5C-3C70-4459-9077-4652F3D55D10}
	EndGlobalSection
EndGlobal
