
Microsoft Visual Studio Solution File, Format Version 12.00
# Visual Studio Version 17
VisualStudioVersion = 17.0.31919.166
MinimumVisualStudioVersion = 10.0.40219.1
Project("{FAE04EC0-301F-11D3-BF4B-00C04F79EFBC}") = "Ch6Q12", "Ch6Q12\Ch6Q12.csproj", "{9AEF3114-2756-4443-9F9C-8B9C0996F89F}"
EndProject
Global
	GlobalSection(SolutionConfigurationPlatforms) = preSolution
		Debug|Any CPU = Debug|Any CPU
		Release|Any CPU = Release|Any CPU
	EndGlobalSection
	GlobalSection(ProjectConfigurationPlatforms) = postSolution
		{9AEF3114-2756-4443-9F9C-8B9C0996F89F}.Debug|Any CPU.ActiveCfg = Debug|Any CPU
		{9AEF3114-2756-4443-9F9C-8B9C0996F89F}.Debug|Any CPU.Build.0 = Debug|Any CPU
		{9AEF3114-2756-4443-9F9C-8B9C0996F89F}.Release|Any CPU.ActiveCfg = Release|Any CPU
		{9AEF3114-2756-4443-9F9C-8B9C0996F89F}.Release|Any CPU.Build.0 = Release|Any CPU
	EndGlobalSection
	GlobalSection(SolutionProperties) = preSolution
		HideSolutionNode = FALSE
	EndGlobalSection
	GlobalSection(ExtensibilityGlobals) = postSolution
		SolutionGuid = {D64870E3-BD62-4BDB-A634-56B465DA3A5D}
	EndGlobalSection
EndGlobal
