
Microsoft Visual Studio Solution File, Format Version 12.00
# Visual Studio Version 17
VisualStudioVersion = 17.0.31919.166
MinimumVisualStudioVersion = 10.0.40219.1
Project("{FAE04EC0-301F-11D3-BF4B-00C04F79EFBC}") = "Ch7Q4", "Ch7Q4\Ch7Q4.csproj", "{8A75A5FD-0B05-4B85-8BA9-C3E4882A4D1B}"
EndProject
Global
	GlobalSection(SolutionConfigurationPlatforms) = preSolution
		Debug|Any CPU = Debug|Any CPU
		Release|Any CPU = Release|Any CPU
	EndGlobalSection
	GlobalSection(ProjectConfigurationPlatforms) = postSolution
		{8A75A5FD-0B05-4B85-8BA9-C3E4882A4D1B}.Debug|Any CPU.ActiveCfg = Debug|Any CPU
		{8A75A5FD-0B05-4B85-8BA9-C3E4882A4D1B}.Debug|Any CPU.Build.0 = Debug|Any CPU
		{8A75A5FD-0B05-4B85-8BA9-C3E4882A4D1B}.Release|Any CPU.ActiveCfg = Release|Any CPU
		{8A75A5FD-0B05-4B85-8BA9-C3E4882A4D1B}.Release|Any CPU.Build.0 = Release|Any CPU
	EndGlobalSection
	GlobalSection(SolutionProperties) = preSolution
		HideSolutionNode = FALSE
	EndGlobalSection
	GlobalSection(ExtensibilityGlobals) = postSolution
		SolutionGuid = {44B527BD-E73D-4317-9D28-604EE0DC7214}
	EndGlobalSection
EndGlobal
