
Microsoft Visual Studio Solution File, Format Version 12.00
# Visual Studio Version 17
VisualStudioVersion = 17.0.31919.166
MinimumVisualStudioVersion = 10.0.40219.1
Project("{FAE04EC0-301F-11D3-BF4B-00C04F79EFBC}") = "Ch2Q5", "Ch2Q5.csproj", "{089B606F-160E-4932-8005-F934A2E87615}"
EndProject
Global
	GlobalSection(SolutionConfigurationPlatforms) = preSolution
		Debug|Any CPU = Debug|Any CPU
		Release|Any CPU = Release|Any CPU
	EndGlobalSection
	GlobalSection(ProjectConfigurationPlatforms) = postSolution
		{089B606F-160E-4932-8005-F934A2E87615}.Debug|Any CPU.ActiveCfg = Debug|Any CPU
		{089B606F-160E-4932-8005-F934A2E87615}.Debug|Any CPU.Build.0 = Debug|Any CPU
		{089B606F-160E-4932-8005-F934A2E87615}.Release|Any CPU.ActiveCfg = Release|Any CPU
		{089B606F-160E-4932-8005-F934A2E87615}.Release|Any CPU.Build.0 = Release|Any CPU
	EndGlobalSection
	GlobalSection(SolutionProperties) = preSolution
		HideSolutionNode = FALSE
	EndGlobalSection
	GlobalSection(ExtensibilityGlobals) = postSolution
		SolutionGuid = {55A73828-50B8-4F13-8B39-DC56CEC734D5}
	EndGlobalSection
EndGlobal
