
Microsoft Visual Studio Solution File, Format Version 12.00
# Visual Studio Version 17
VisualStudioVersion = 17.0.31919.166
MinimumVisualStudioVersion = 10.0.40219.1
Project("{FAE04EC0-301F-11D3-BF4B-00C04F79EFBC}") = "Ch3Q3", "Ch3Q3.csproj", "{A09A61D1-4091-4255-9336-76D0F1724013}"
EndProject
Global
	GlobalSection(SolutionConfigurationPlatforms) = preSolution
		Debug|Any CPU = Debug|Any CPU
		Release|Any CPU = Release|Any CPU
	EndGlobalSection
	GlobalSection(ProjectConfigurationPlatforms) = postSolution
		{A09A61D1-4091-4255-9336-76D0F1724013}.Debug|Any CPU.ActiveCfg = Debug|Any CPU
		{A09A61D1-4091-4255-9336-76D0F1724013}.Debug|Any CPU.Build.0 = Debug|Any CPU
		{A09A61D1-4091-4255-9336-76D0F1724013}.Release|Any CPU.ActiveCfg = Release|Any CPU
		{A09A61D1-4091-4255-9336-76D0F1724013}.Release|Any CPU.Build.0 = Release|Any CPU
	EndGlobalSection
	GlobalSection(SolutionProperties) = preSolution
		HideSolutionNode = FALSE
	EndGlobalSection
	GlobalSection(ExtensibilityGlobals) = postSolution
		SolutionGuid = {45D90647-3F54-4CD7-B893-11E133DF29FA}
	EndGlobalSection
EndGlobal
