
Microsoft Visual Studio Solution File, Format Version 12.00
# Visual Studio Version 17
VisualStudioVersion = 17.0.31919.166
MinimumVisualStudioVersion = 10.0.40219.1
Project("{FAE04EC0-301F-11D3-BF4B-00C04F79EFBC}") = "Ch3Q15", "Ch3Q15.csproj", "{4170E8F3-4D5A-4370-B4CE-3FCE6EBAEA83}"
EndProject
Global
	GlobalSection(SolutionConfigurationPlatforms) = preSolution
		Debug|Any CPU = Debug|Any CPU
		Release|Any CPU = Release|Any CPU
	EndGlobalSection
	GlobalSection(ProjectConfigurationPlatforms) = postSolution
		{4170E8F3-4D5A-4370-B4CE-3FCE6EBAEA83}.Debug|Any CPU.ActiveCfg = Debug|Any CPU
		{4170E8F3-4D5A-4370-B4CE-3FCE6EBAEA83}.Debug|Any CPU.Build.0 = Debug|Any CPU
		{4170E8F3-4D5A-4370-B4CE-3FCE6EBAEA83}.Release|Any CPU.ActiveCfg = Release|Any CPU
		{4170E8F3-4D5A-4370-B4CE-3FCE6EBAEA83}.Release|Any CPU.Build.0 = Release|Any CPU
	EndGlobalSection
	GlobalSection(SolutionProperties) = preSolution
		HideSolutionNode = FALSE
	EndGlobalSection
	GlobalSection(ExtensibilityGlobals) = postSolution
		SolutionGuid = {CFA848A5-0DF0-41E6-B8BC-FD0359F063F6}
	EndGlobalSection
EndGlobal
