
Microsoft Visual Studio Solution File, Format Version 12.00
# Visual Studio Version 17
VisualStudioVersion = 17.0.31919.166
MinimumVisualStudioVersion = 10.0.40219.1
Project("{FAE04EC0-301F-11D3-BF4B-00C04F79EFBC}") = "Ch7Q20", "Ch7Q20\Ch7Q20.csproj", "{9A751383-1E44-465D-81C0-C4745FCC2293}"
EndProject
Global
	GlobalSection(SolutionConfigurationPlatforms) = preSolution
		Debug|Any CPU = Debug|Any CPU
		Release|Any CPU = Release|Any CPU
	EndGlobalSection
	GlobalSection(ProjectConfigurationPlatforms) = postSolution
		{9A751383-1E44-465D-81C0-C4745FCC2293}.Debug|Any CPU.ActiveCfg = Debug|Any CPU
		{9A751383-1E44-465D-81C0-C4745FCC2293}.Debug|Any CPU.Build.0 = Debug|Any CPU
		{9A751383-1E44-465D-81C0-C4745FCC2293}.Release|Any CPU.ActiveCfg = Release|Any CPU
		{9A751383-1E44-465D-81C0-C4745FCC2293}.Release|Any CPU.Build.0 = Release|Any CPU
	EndGlobalSection
	GlobalSection(SolutionProperties) = preSolution
		HideSolutionNode = FALSE
	EndGlobalSection
	GlobalSection(ExtensibilityGlobals) = postSolution
		SolutionGuid = {06129990-5E65-46B8-91CB-F3E23B3EADE3}
	EndGlobalSection
EndGlobal
