
Microsoft Visual Studio Solution File, Format Version 12.00
# Visual Studio Version 17
VisualStudioVersion = 17.0.31919.166
MinimumVisualStudioVersion = 10.0.40219.1
Project("{FAE04EC0-301F-11D3-BF4B-00C04F79EFBC}") = "Ch7Q2", "Ch7Q2\Ch7Q2.csproj", "{ED9B6867-D521-48C0-92D0-CB645FB388D9}"
EndProject
Global
	GlobalSection(SolutionConfigurationPlatforms) = preSolution
		Debug|Any CPU = Debug|Any CPU
		Release|Any CPU = Release|Any CPU
	EndGlobalSection
	GlobalSection(ProjectConfigurationPlatforms) = postSolution
		{ED9B6867-D521-48C0-92D0-CB645FB388D9}.Debug|Any CPU.ActiveCfg = Debug|Any CPU
		{ED9B6867-D521-48C0-92D0-CB645FB388D9}.Debug|Any CPU.Build.0 = Debug|Any CPU
		{ED9B6867-D521-48C0-92D0-CB645FB388D9}.Release|Any CPU.ActiveCfg = Release|Any CPU
		{ED9B6867-D521-48C0-92D0-CB645FB388D9}.Release|Any CPU.Build.0 = Release|Any CPU
	EndGlobalSection
	GlobalSection(SolutionProperties) = preSolution
		HideSolutionNode = FALSE
	EndGlobalSection
	GlobalSection(ExtensibilityGlobals) = postSolution
		SolutionGuid = {15BE7C75-EE2A-4367-8C3F-F0FBF59ADAB2}
	EndGlobalSection
EndGlobal
