
Microsoft Visual Studio Solution File, Format Version 12.00
# Visual Studio Version 17
VisualStudioVersion = 17.0.31919.166
MinimumVisualStudioVersion = 10.0.40219.1
Project("{FAE04EC0-301F-11D3-BF4B-00C04F79EFBC}") = "Ch6Q3", "Ch6Q3\Ch6Q3.csproj", "{35C2B994-F1BA-4505-9797-8D846CCD5BBD}"
EndProject
Global
	GlobalSection(SolutionConfigurationPlatforms) = preSolution
		Debug|Any CPU = Debug|Any CPU
		Release|Any CPU = Release|Any CPU
	EndGlobalSection
	GlobalSection(ProjectConfigurationPlatforms) = postSolution
		{35C2B994-F1BA-4505-9797-8D846CCD5BBD}.Debug|Any CPU.ActiveCfg = Debug|Any CPU
		{35C2B994-F1BA-4505-9797-8D846CCD5BBD}.Debug|Any CPU.Build.0 = Debug|Any CPU
		{35C2B994-F1BA-4505-9797-8D846CCD5BBD}.Release|Any CPU.ActiveCfg = Release|Any CPU
		{35C2B994-F1BA-4505-9797-8D846CCD5BBD}.Release|Any CPU.Build.0 = Release|Any CPU
	EndGlobalSection
	GlobalSection(SolutionProperties) = preSolution
		HideSolutionNode = FALSE
	EndGlobalSection
	GlobalSection(ExtensibilityGlobals) = postSolution
		SolutionGuid = {FE6E6AB6-C8D6-40E6-94BE-D5E6CD68C388}
	EndGlobalSection
EndGlobal
