
Microsoft Visual Studio Solution File, Format Version 12.00
# Visual Studio Version 17
VisualStudioVersion = 17.0.31919.166
MinimumVisualStudioVersion = 10.0.40219.1
Project("{FAE04EC0-301F-11D3-BF4B-00C04F79EFBC}") = "Ch7Q19", "Ch7Q19\Ch7Q19.csproj", "{53B53E9C-3189-4E01-80FD-5DE65FE032AC}"
EndProject
Global
	GlobalSection(SolutionConfigurationPlatforms) = preSolution
		Debug|Any CPU = Debug|Any CPU
		Release|Any CPU = Release|Any CPU
	EndGlobalSection
	GlobalSection(ProjectConfigurationPlatforms) = postSolution
		{53B53E9C-3189-4E01-80FD-5DE65FE032AC}.Debug|Any CPU.ActiveCfg = Debug|Any CPU
		{53B53E9C-3189-4E01-80FD-5DE65FE032AC}.Debug|Any CPU.Build.0 = Debug|Any CPU
		{53B53E9C-3189-4E01-80FD-5DE65FE032AC}.Release|Any CPU.ActiveCfg = Release|Any CPU
		{53B53E9C-3189-4E01-80FD-5DE65FE032AC}.Release|Any CPU.Build.0 = Release|Any CPU
	EndGlobalSection
	GlobalSection(SolutionProperties) = preSolution
		HideSolutionNode = FALSE
	EndGlobalSection
	GlobalSection(ExtensibilityGlobals) = postSolution
		SolutionGuid = {15A75A4B-D9EC-47AC-9D23-F3266879D6BF}
	EndGlobalSection
EndGlobal
